
Microsoft Visual Studio Solution File, Format Version 12.00
# Visual Studio Version 17
VisualStudioVersion = 17.14.36301.6
MinimumVisualStudioVersion = 10.0.40219.1
Project("{FAE04EC0-301F-11D3-BF4B-00C04F79EFBC}") = "ScreenSound", "ConsoleApp1\ScreenSound.csproj", "{C0617332-E5CD-4E3E-858D-B5C0A8CFA2E0}"
EndProject
Project("{FAE04EC0-301F-11D3-BF4B-00C04F79EFBC}") = "Atividade-1", "Atividade-1\Atividade-1.csproj", "{ABBCE3A1-EA1F-4E33-BF17-FB826FE6FDBE}"
EndProject
Global
	GlobalSection(SolutionConfigurationPlatforms) = preSolution
		Debug|Any CPU = Debug|Any CPU
		Release|Any CPU = Release|Any CPU
	EndGlobalSection
	GlobalSection(ProjectConfigurationPlatforms) = postSolution
		{C0617332-E5CD-4E3E-858D-B5C0A8CFA2E0}.Debug|Any CPU.ActiveCfg = Debug|Any CPU
		{C0617332-E5CD-4E3E-858D-B5C0A8CFA2E0}.Debug|Any CPU.Build.0 = Debug|Any CPU
		{C0617332-E5CD-4E3E-858D-B5C0A8CFA2E0}.Release|Any CPU.ActiveCfg = Release|Any CPU
		{C0617332-E5CD-4E3E-858D-B5C0A8CFA2E0}.Release|Any CPU.Build.0 = Release|Any CPU
		{ABBCE3A1-EA1F-4E33-BF17-FB826FE6FDBE}.Debug|Any CPU.ActiveCfg = Debug|Any CPU
		{ABBCE3A1-EA1F-4E33-BF17-FB826FE6FDBE}.Debug|Any CPU.Build.0 = Debug|Any CPU
		{ABBCE3A1-EA1F-4E33-BF17-FB826FE6FDBE}.Release|Any CPU.ActiveCfg = Release|Any CPU
		{ABBCE3A1-EA1F-4E33-BF17-FB826FE6FDBE}.Release|Any CPU.Build.0 = Release|Any CPU
	EndGlobalSection
	GlobalSection(SolutionProperties) = preSolution
		HideSolutionNode = FALSE
	EndGlobalSection
	GlobalSection(ExtensibilityGlobals) = postSolution
		SolutionGuid = {18B629F9-1D2A-4DDC-A920-D153029AA422}
	EndGlobalSection
EndGlobal
